
Microsoft Visual Studio Solution File, Format Version 12.00
# Visual Studio 2012
Project("{FAE04EC0-301F-11D3-BF4B-00C04F79EFBC}") = "Clifton.Semantics", "Clifton.Semantics.csproj", "{77CDDA23-7D2C-432B-BEEB-DB6D7B574F4C}"
EndProject
Project("{FAE04EC0-301F-11D3-BF4B-00C04F79EFBC}") = "MoreLinq", "..\SemanticPool\MoreLinq\MoreLinq.csproj", "{30A6BEAB-BCF6-4D8D-BD2A-46F33C191EBC}"
EndProject
Project("{FAE04EC0-301F-11D3-BF4B-00C04F79EFBC}") = "SimpleDemo", "SimpleDemo\SimpleDemo.csproj", "{F92C99D7-CC55-4788-9225-91262ED48041}"
EndProject
Project("{FAE04EC0-301F-11D3-BF4B-00C04F79EFBC}") = "WinFormDemo", "WinFormDemo\WinFormDemo.csproj", "{335E997C-DE4A-49C9-8CA9-FEA9EAE06848}"
EndProject
Project("{FAE04EC0-301F-11D3-BF4B-00C04F79EFBC}") = "Clifton.Extensions", "Clifton.Extensions\Clifton.Extensions.csproj", "{650CC65C-3D10-44FC-AEDA-2F34C83A525D}"
EndProject
Project("{FAE04EC0-301F-11D3-BF4B-00C04F79EFBC}") = "Clifton.Semantics.UnitTests", "Clifton.Semantics.UnitTests\Clifton.Semantics.UnitTests.csproj", "{6372D56D-5EAE-46B3-98C5-A2BEB62E44C2}"
EndProject
Global
	GlobalSection(SolutionConfigurationPlatforms) = preSolution
		Debug|Any CPU = Debug|Any CPU
		Release|Any CPU = Release|Any CPU
	EndGlobalSection
	GlobalSection(ProjectConfigurationPlatforms) = postSolution
		{77CDDA23-7D2C-432B-BEEB-DB6D7B574F4C}.Debug|Any CPU.ActiveCfg = Debug|Any CPU
		{77CDDA23-7D2C-432B-BEEB-DB6D7B574F4C}.Debug|Any CPU.Build.0 = Debug|Any CPU
		{77CDDA23-7D2C-432B-BEEB-DB6D7B574F4C}.Release|Any CPU.ActiveCfg = Release|Any CPU
		{77CDDA23-7D2C-432B-BEEB-DB6D7B574F4C}.Release|Any CPU.Build.0 = Release|Any CPU
		{30A6BEAB-BCF6-4D8D-BD2A-46F33C191EBC}.Debug|Any CPU.ActiveCfg = Debug|Any CPU
		{30A6BEAB-BCF6-4D8D-BD2A-46F33C191EBC}.Debug|Any CPU.Build.0 = Debug|Any CPU
		{30A6BEAB-BCF6-4D8D-BD2A-46F33C191EBC}.Release|Any CPU.ActiveCfg = Release|Any CPU
		{30A6BEAB-BCF6-4D8D-BD2A-46F33C191EBC}.Release|Any CPU.Build.0 = Release|Any CPU
		{F92C99D7-CC55-4788-9225-91262ED48041}.Debug|Any CPU.ActiveCfg = Debug|Any CPU
		{F92C99D7-CC55-4788-9225-91262ED48041}.Debug|Any CPU.Build.0 = Debug|Any CPU
		{F92C99D7-CC55-4788-9225-91262ED48041}.Release|Any CPU.ActiveCfg = Release|Any CPU
		{F92C99D7-CC55-4788-9225-91262ED48041}.Release|Any CPU.Build.0 = Release|Any CPU
		{335E997C-DE4A-49C9-8CA9-FEA9EAE06848}.Debug|Any CPU.ActiveCfg = Debug|Any CPU
		{335E997C-DE4A-49C9-8CA9-FEA9EAE06848}.Debug|Any CPU.Build.0 = Debug|Any CPU
		{335E997C-DE4A-49C9-8CA9-FEA9EAE06848}.Release|Any CPU.ActiveCfg = Release|Any CPU
		{335E997C-DE4A-49C9-8CA9-FEA9EAE06848}.Release|Any CPU.Build.0 = Release|Any CPU
		{650CC65C-3D10-44FC-AEDA-2F34C83A525D}.Debug|Any CPU.ActiveCfg = Debug|Any CPU
		{650CC65C-3D10-44FC-AEDA-2F34C83A525D}.Debug|Any CPU.Build.0 = Debug|Any CPU
		{650CC65C-3D10-44FC-AEDA-2F34C83A525D}.Release|Any CPU.ActiveCfg = Release|Any CPU
		{650CC65C-3D10-44FC-AEDA-2F34C83A525D}.Release|Any CPU.Build.0 = Release|Any CPU
		{6372D56D-5EAE-46B3-98C5-A2BEB62E44C2}.Debug|Any CPU.ActiveCfg = Debug|Any CPU
		{6372D56D-5EAE-46B3-98C5-A2BEB62E44C2}.Debug|Any CPU.Build.0 = Debug|Any CPU
		{6372D56D-5EAE-46B3-98C5-A2BEB62E44C2}.Release|Any CPU.ActiveCfg = Release|Any CPU
		{6372D56D-5EAE-46B3-98C5-A2BEB62E44C2}.Release|Any CPU.Build.0 = Release|Any CPU
	EndGlobalSection
	GlobalSection(SolutionProperties) = preSolution
		HideSolutionNode = FALSE
	EndGlobalSection
EndGlobal
