
Microsoft Visual Studio Solution File, Format Version 12.00
# Visual Studio 2012
Project("{FAE04EC0-301F-11D3-BF4B-00C04F79EFBC}") = "SemanticPool", "SemanticPool.csproj", "{77CDDA23-7D2C-432B-BEEB-DB6D7B574F4C}"
EndProject
Project("{FAE04EC0-301F-11D3-BF4B-00C04F79EFBC}") = "MoreLinq", "..\SemanticPool\MoreLinq\MoreLinq.csproj", "{30A6BEAB-BCF6-4D8D-BD2A-46F33C191EBC}"
EndProject
Global
	GlobalSection(SolutionConfigurationPlatforms) = preSolution
		Debug|Any CPU = Debug|Any CPU
		Release|Any CPU = Release|Any CPU
	EndGlobalSection
	GlobalSection(ProjectConfigurationPlatforms) = postSolution
		{77CDDA23-7D2C-432B-BEEB-DB6D7B574F4C}.Debug|Any CPU.ActiveCfg = Debug|Any CPU
		{77CDDA23-7D2C-432B-BEEB-DB6D7B574F4C}.Debug|Any CPU.Build.0 = Debug|Any CPU
		{77CDDA23-7D2C-432B-BEEB-DB6D7B574F4C}.Release|Any CPU.ActiveCfg = Release|Any CPU
		{77CDDA23-7D2C-432B-BEEB-DB6D7B574F4C}.Release|Any CPU.Build.0 = Release|Any CPU
		{30A6BEAB-BCF6-4D8D-BD2A-46F33C191EBC}.Debug|Any CPU.ActiveCfg = Debug|Any CPU
		{30A6BEAB-BCF6-4D8D-BD2A-46F33C191EBC}.Debug|Any CPU.Build.0 = Debug|Any CPU
		{30A6BEAB-BCF6-4D8D-BD2A-46F33C191EBC}.Release|Any CPU.ActiveCfg = Release|Any CPU
		{30A6BEAB-BCF6-4D8D-BD2A-46F33C191EBC}.Release|Any CPU.Build.0 = Release|Any CPU
	EndGlobalSection
	GlobalSection(SolutionProperties) = preSolution
		HideSolutionNode = FALSE
	EndGlobalSection
EndGlobal
